// !$*UTF8*$!
{
	archiveVersion = 1;
	classes = {
	};
	objectVersion = 46;
	objects = {

/* Begin PBXBuildFile section */
		EDF878931B011CC300FEF049 /* AppDelegate.swift in Sources */ = {isa = PBXBuildFile; fileRef = EDF878921B011CC300FEF049 /* AppDelegate.swift */; };
		EDF878951B011CC300FEF049 /* ViewController.swift in Sources */ = {isa = PBXBuildFile; fileRef = EDF878941B011CC300FEF049 /* ViewController.swift */; };
		EDF878981B011CC300FEF049 /* Main.storyboard in Resources */ = {isa = PBXBuildFile; fileRef = EDF878961B011CC300FEF049 /* Main.storyboard */; };
		EDF8789A1B011CC300FEF049 /* Images.xcassets in Resources */ = {isa = PBXBuildFile; fileRef = EDF878991B011CC300FEF049 /* Images.xcassets */; };
		EDF8789D1B011CC300FEF049 /* LaunchScreen.xib in Resources */ = {isa = PBXBuildFile; fileRef = EDF8789B1B011CC300FEF049 /* LaunchScreen.xib */; };
		EDF878A91B011CC400FEF049 /* WordBankTests.swift in Sources */ = {isa = PBXBuildFile; fileRef = EDF878A81B011CC400FEF049 /* WordBankTests.swift */; };
/* End PBXBuildFile section */

/* Begin PBXContainerItemProxy section */
		EDF878A31B011CC400FEF049 /* PBXContainerItemProxy */ = {
			isa = PBXContainerItemProxy;
			containerPortal = EDF878851B011CC300FEF049 /* Project object */;
			proxyType = 1;
			remoteGlobalIDString = EDF8788C1B011CC300FEF049;
			remoteInfo = WordBank;
		};
/* End PBXContainerItemProxy section */

/* Begin PBXFileReference section */
		EDF8788D1B011CC300FEF049 /* WordBank.app */ = {isa = PBXFileReference; explicitFileType = wrapper.application; includeInIndex = 0; path = WordBank.app; sourceTree = BUILT_PRODUCTS_DIR; };
		EDF878911B011CC300FEF049 /* Info.plist */ = {isa = PBXFileReference; lastKnownFileType = text.plist.xml; path = Info.plist; sourceTree = "<group>"; };
		EDF878921B011CC300FEF049 /* AppDelegate.swift */ = {isa = PBXFileReference; lastKnownFileType = sourcecode.swift; path = AppDelegate.swift; sourceTree = "<group>"; };
		EDF878941B011CC300FEF049 /* ViewController.swift */ = {isa = PBXFileReference; lastKnownFileType = sourcecode.swift; path = ViewController.swift; sourceTree = "<group>"; };
		EDF878971B011CC300FEF049 /* Base */ = {isa = PBXFileReference; lastKnownFileType = file.storyboard; name = Base; path = Base.lproj/Main.storyboard; sourceTree = "<group>"; };
		EDF878991B011CC300FEF049 /* Images.xcassets */ = {isa = PBXFileReference; lastKnownFileType = folder.assetcatalog; path = Images.xcassets; sourceTree = "<group>"; };
		EDF8789C1B011CC300FEF049 /* Base */ = {isa = PBXFileReference; lastKnownFileType = file.xib; name = Base; path = Base.lproj/LaunchScreen.xib; sourceTree = "<group>"; };
		EDF878A21B011CC300FEF049 /* WordBankTests.xctest */ = {isa = PBXFileReference; explicitFileType = wrapper.cfbundle; includeInIndex = 0; path = WordBankTests.xctest; sourceTree = BUILT_PRODUCTS_DIR; };
		EDF878A71B011CC400FEF049 /* Info.plist */ = {isa = PBXFileReference; lastKnownFileType = text.plist.xml; path = Info.plist; sourceTree = "<group>"; };
		EDF878A81B011CC400FEF049 /* WordBankTests.swift */ = {isa = PBXFileReference; lastKnownFileType = sourcecode.swift; path = WordBankTests.swift; sourceTree = "<group>"; };
/* End PBXFileReference section */

/* Begin PBXFrameworksBuildPhase section */
		EDF8788A1B011CC300FEF049 /* Frameworks */ = {
			isa = PBXFrameworksBuildPhase;
			buildActionMask = 2147483647;
			files = (
			);
			runOnlyForDeploymentPostprocessing = 0;
		};
		EDF8789F1B011CC300FEF049 /* Frameworks */ = {
			isa = PBXFrameworksBuildPhase;
			buildActionMask = 2147483647;
			files = (
			);
			runOnlyForDeploymentPostprocessing = 0;
		};
/* End PBXFrameworksBuildPhase section */

/* Begin PBXGroup section */
		EDF878841B011CC300FEF049 = {
			isa = PBXGroup;
			children = (
				EDF8788F1B011CC300FEF049 /* WordBank */,
				EDF878A51B011CC400FEF049 /* WordBankTests */,
				EDF8788E1B011CC300FEF049 /* Products */,
			);
			sourceTree = "<group>";
		};
		EDF8788E1B011CC300FEF049 /* Products */ = {
			isa = PBXGroup;
			children = (
				EDF8788D1B011CC300FEF049 /* WordBank.app */,
				EDF878A21B011CC300FEF049 /* WordBankTests.xctest */,
			);
			name = Products;
			sourceTree = "<group>";
		};
		EDF8788F1B011CC300FEF049 /* WordBank */ = {
			isa = PBXGroup;
			children = (
				EDF878921B011CC300FEF049 /* AppDelegate.swift */,
				EDF878941B011CC300FEF049 /* ViewController.swift */,
				EDF878961B011CC300FEF049 /* Main.storyboard */,
				EDF878991B011CC300FEF049 /* Images.xcassets */,
				EDF8789B1B011CC300FEF049 /* LaunchScreen.xib */,
				EDF878901B011CC300FEF049 /* Supporting Files */,
			);
			path = WordBank;
			sourceTree = "<group>";
		};
		EDF878901B011CC300FEF049 /* Supporting Files */ = {
			isa = PBXGroup;
			children = (
				EDF878911B011CC300FEF049 /* Info.plist */,
			);
			name = "Supporting Files";
			sourceTree = "<group>";
		};
		EDF878A51B011CC400FEF049 /* WordBankTests */ = {
			isa = PBXGroup;
			children = (
				EDF878A81B011CC400FEF049 /* WordBankTests.swift */,
				EDF878A61B011CC400FEF049 /* Supporting Files */,
			);
			path = WordBankTests;
			sourceTree = "<group>";
		};
		EDF878A61B011CC400FEF049 /* Supporting Files */ = {
			isa = PBXGroup;
			children = (
				EDF878A71B011CC400FEF049 /* Info.plist */,
			);
			name = "Supporting Files";
			sourceTree = "<group>";
		};
/* End PBXGroup section */

/* Begin PBXNativeTarget section */
		EDF8788C1B011CC300FEF049 /* WordBank */ = {
			isa = PBXNativeTarget;
			buildConfigurationList = EDF878AC1B011CC400FEF049 /* Build configuration list for PBXNativeTarget "WordBank" */;
			buildPhases = (
				EDF878891B011CC300FEF049 /* Sources */,
				EDF8788A1B011CC300FEF049 /* Frameworks */,
				EDF8788B1B011CC300FEF049 /* Resources */,
			);
			buildRules = (
			);
			dependencies = (
			);
			name = WordBank;
			productName = WordBank;
			productReference = EDF8788D1B011CC300FEF049 /* WordBank.app */;
			productType = "com.apple.product-type.application";
		};
		EDF878A11B011CC300FEF049 /* WordBankTests */ = {
			isa = PBXNativeTarget;
			buildConfigurationList = EDF878AF1B011CC400FEF049 /* Build configuration list for PBXNativeTarget "WordBankTests" */;
			buildPhases = (
				EDF8789E1B011CC300FEF049 /* Sources */,
				EDF8789F1B011CC300FEF049 /* Frameworks */,
				EDF878A01B011CC300FEF049 /* Resources */,
			);
			buildRules = (
			);
			dependencies = (
				EDF878A41B011CC400FEF049 /* PBXTargetDependency */,
			);
			name = WordBankTests;
			productName = WordBankTests;
			productReference = EDF878A21B011CC300FEF049 /* WordBankTests.xctest */;
			productType = "com.apple.product-type.bundle.unit-test";
		};
/* End PBXNativeTarget section */

/* Begin PBXProject section */
		EDF878851B011CC300FEF049 /* Project object */ = {
			isa = PBXProject;
			attributes = {
				LastUpgradeCheck = 0610;
				ORGANIZATIONNAME = deGatos;
				TargetAttributes = {
					EDF8788C1B011CC300FEF049 = {
						CreatedOnToolsVersion = 6.1.1;
					};
					EDF878A11B011CC300FEF049 = {
						CreatedOnToolsVersion = 6.1.1;
						TestTargetID = EDF8788C1B011CC300FEF049;
					};
				};
			};
			buildConfigurationList = EDF878881B011CC300FEF049 /* Build configuration list for PBXProject "WordBank" */;
			compatibilityVersion = "Xcode 3.2";
			developmentRegion = English;
			hasScannedForEncodings = 0;
			knownRegions = (
				en,
				Base,
			);
			mainGroup = EDF878841B011CC300FEF049;
			productRefGroup = EDF8788E1B011CC300FEF049 /* Products */;
			projectDirPath = "";
			projectRoot = "";
			targets = (
				EDF8788C1B011CC300FEF049 /* WordBank */,
				EDF878A11B011CC300FEF049 /* WordBankTests */,
			);
		};
/* End PBXProject section */

/* Begin PBXResourcesBuildPhase section */
		EDF8788B1B011CC300FEF049 /* Resources */ = {
			isa = PBXResourcesBuildPhase;
			buildActionMask = 2147483647;
			files = (
				EDF878981B011CC300FEF049 /* Main.storyboard in Resources */,
				EDF8789D1B011CC300FEF049 /* LaunchScreen.xib in Resources */,
				EDF8789A1B011CC300FEF049 /* Images.xcassets in Resources */,
			);
			runOnlyForDeploymentPostprocessing = 0;
		};
		EDF878A01B011CC300FEF049 /* Resources */ = {
			isa = PBXResourcesBuildPhase;
			buildActionMask = 2147483647;
			files = (
			);
			runOnlyForDeploymentPostprocessing = 0;
		};
/* End PBXResourcesBuildPhase section */

/* Begin PBXSourcesBuildPhase section */
		EDF878891B011CC300FEF049 /* Sources */ = {
			isa = PBXSourcesBuildPhase;
			buildActionMask = 2147483647;
			files = (
				EDF878951B011CC300FEF049 /* ViewController.swift in Sources */,
				EDF878931B011CC300FEF049 /* AppDelegate.swift in Sources */,
			);
			runOnlyForDeploymentPostprocessing = 0;
		};
		EDF8789E1B011CC300FEF049 /* Sources */ = {
			isa = PBXSourcesBuildPhase;
			buildActionMask = 2147483647;
			files = (
				EDF878A91B011CC400FEF049 /* WordBankTests.swift in Sources */,
			);
			runOnlyForDeploymentPostprocessing = 0;
		};
/* End PBXSourcesBuildPhase section */

/* Begin PBXTargetDependency section */
		EDF878A41B011CC400FEF049 /* PBXTargetDependency */ = {
			isa = PBXTargetDependency;
			target = EDF8788C1B011CC300FEF049 /* WordBank */;
			targetProxy = EDF878A31B011CC400FEF049 /* PBXContainerItemProxy */;
		};
/* End PBXTargetDependency section */

/* Begin PBXVariantGroup section */
		EDF878961B011CC300FEF049 /* Main.storyboard */ = {
			isa = PBXVariantGroup;
			children = (
				EDF878971B011CC300FEF049 /* Base */,
			);
			name = Main.storyboard;
			sourceTree = "<group>";
		};
		EDF8789B1B011CC300FEF049 /* LaunchScreen.xib */ = {
			isa = PBXVariantGroup;
			children = (
				EDF8789C1B011CC300FEF049 /* Base */,
			);
			name = LaunchScreen.xib;
			sourceTree = "<group>";
		};
/* End PBXVariantGroup section */

/* Begin XCBuildConfiguration section */
		EDF878AA1B011CC400FEF049 /* Debug */ = {
			isa = XCBuildConfiguration;
			buildSettings = {
				ALWAYS_SEARCH_USER_PATHS = NO;
				CLANG_CXX_LANGUAGE_STANDARD = "gnu++0x";
				CLANG_CXX_LIBRARY = "libc++";
				CLANG_ENABLE_MODULES = YES;
				CLANG_ENABLE_OBJC_ARC = YES;
				CLANG_WARN_BOOL_CONVERSION = YES;
				CLANG_WARN_CONSTANT_CONVERSION = YES;
				CLANG_WARN_DIRECT_OBJC_ISA_USAGE = YES_ERROR;
				CLANG_WARN_EMPTY_BODY = YES;
				CLANG_WARN_ENUM_CONVERSION = YES;
				CLANG_WARN_INT_CONVERSION = YES;
				CLANG_WARN_OBJC_ROOT_CLASS = YES_ERROR;
				CLANG_WARN_UNREACHABLE_CODE = YES;
				CLANG_WARN__DUPLICATE_METHOD_MATCH = YES;
				"CODE_SIGN_IDENTITY[sdk=iphoneos*]" = "iPhone Developer";
				COPY_PHASE_STRIP = NO;
				ENABLE_STRICT_OBJC_MSGSEND = YES;
				GCC_C_LANGUAGE_STANDARD = gnu99;
				GCC_DYNAMIC_NO_PIC = NO;
				GCC_OPTIMIZATION_LEVEL = 0;
				GCC_PREPROCESSOR_DEFINITIONS = (
					"DEBUG=1",
					"$(inherited)",
				);
				GCC_SYMBOLS_PRIVATE_EXTERN = NO;
				GCC_WARN_64_TO_32_BIT_CONVERSION = YES;
				GCC_WARN_ABOUT_RETURN_TYPE = YES_ERROR;
				GCC_WARN_UNDECLARED_SELECTOR = YES;
				GCC_WARN_UNINITIALIZED_AUTOS = YES_AGGRESSIVE;
				GCC_WARN_UNUSED_FUNCTION = YES;
				GCC_WARN_UNUSED_VARIABLE = YES;
				IPHONEOS_DEPLOYMENT_TARGET = 8.1;
				MTL_ENABLE_DEBUG_INFO = YES;
				ONLY_ACTIVE_ARCH = YES;
				SDKROOT = iphoneos;
				SWIFT_OPTIMIZATION_LEVEL = "-Onone";
			};
			name = Debug;
		};
		EDF878AB1B011CC400FEF049 /* Release */ = {
			isa = XCBuildConfiguration;
			buildSettings = {
				ALWAYS_SEARCH_USER_PATHS = NO;
				CLANG_CXX_LANGUAGE_STANDARD = "gnu++0x";
				CLANG_CXX_LIBRARY = "libc++";
				CLANG_ENABLE_MODULES = YES;
				CLANG_ENABLE_OBJC_ARC = YES;
				CLANG_WARN_BOOL_CONVERSION = YES;
				CLANG_WARN_CONSTANT_CONVERSION = YES;
				CLANG_WARN_DIRECT_OBJC_ISA_USAGE = YES_ERROR;
				CLANG_WARN_EMPTY_BODY = YES;
				CLANG_WARN_ENUM_CONVERSION = YES;
				CLANG_WARN_INT_CONVERSION = YES;
				CLANG_WARN_OBJC_ROOT_CLASS = YES_ERROR;
				CLANG_WARN_UNREACHABLE_CODE = YES;
				CLANG_WARN__DUPLICATE_METHOD_MATCH = YES;
				"CODE_SIGN_IDENTITY[sdk=iphoneos*]" = "iPhone Developer";
				COPY_PHASE_STRIP = YES;
				ENABLE_NS_ASSERTIONS = NO;
				ENABLE_STRICT_OBJC_MSGSEND = YES;
				GCC_C_LANGUAGE_STANDARD = gnu99;
				GCC_WARN_64_TO_32_BIT_CONVERSION = YES;
				GCC_WARN_ABOUT_RETURN_TYPE = YES_ERROR;
				GCC_WARN_UNDECLARED_SELECTOR = YES;
				GCC_WARN_UNINITIALIZED_AUTOS = YES_AGGRESSIVE;
				GCC_WARN_UNUSED_FUNCTION = YES;
				GCC_WARN_UNUSED_VARIABLE = YES;
				IPHONEOS_DEPLOYMENT_TARGET = 8.1;
				MTL_ENABLE_DEBUG_INFO = NO;
				SDKROOT = iphoneos;
				VALIDATE_PRODUCT = YES;
			};
			name = Release;
		};
		EDF878AD1B011CC400FEF049 /* Debug */ = {
			isa = XCBuildConfiguration;
			buildSettings = {
				ASSETCATALOG_COMPILER_APPICON_NAME = AppIcon;
				INFOPLIST_FILE = WordBank/Info.plist;
				LD_RUNPATH_SEARCH_PATHS = "$(inherited) @executable_path/Frameworks";
				PRODUCT_NAME = "$(TARGET_NAME)";
			};
			name = Debug;
		};
		EDF878AE1B011CC400FEF049 /* Release */ = {
			isa = XCBuildConfiguration;
			buildSettings = {
				ASSETCATALOG_COMPILER_APPICON_NAME = AppIcon;
				INFOPLIST_FILE = WordBank/Info.plist;
				LD_RUNPATH_SEARCH_PATHS = "$(inherited) @executable_path/Frameworks";
				PRODUCT_NAME = "$(TARGET_NAME)";
			};
			name = Release;
		};
		EDF878B01B011CC400FEF049 /* Debug */ = {
			isa = XCBuildConfiguration;
			buildSettings = {
				BUNDLE_LOADER = "$(TEST_HOST)";
				FRAMEWORK_SEARCH_PATHS = (
					"$(SDKROOT)/Developer/Library/Frameworks",
					"$(inherited)",
				);
				GCC_PREPROCESSOR_DEFINITIONS = (
					"DEBUG=1",
					"$(inherited)",
				);
				INFOPLIST_FILE = WordBankTests/Info.plist;
				LD_RUNPATH_SEARCH_PATHS = "$(inherited) @executable_path/Frameworks @loader_path/Frameworks";
				PRODUCT_NAME = "$(TARGET_NAME)";
				TEST_HOST = "$(BUILT_PRODUCTS_DIR)/WordBank.app/WordBank";
			};
			name = Debug;
		};
		EDF878B11B011CC400FEF049 /* Release */ = {
			isa = XCBuildConfiguration;
			buildSettings = {
				BUNDLE_LOADER = "$(TEST_HOST)";
				FRAMEWORK_SEARCH_PATHS = (
					"$(SDKROOT)/Developer/Library/Frameworks",
					"$(inherited)",
				);
				INFOPLIST_FILE = WordBankTests/Info.plist;
				LD_RUNPATH_SEARCH_PATHS = "$(inherited) @executable_path/Frameworks @loader_path/Frameworks";
				PRODUCT_NAME = "$(TARGET_NAME)";
				TEST_HOST = "$(BUILT_PRODUCTS_DIR)/WordBank.app/WordBank";
			};
			name = Release;
		};
/* End XCBuildConfiguration section */

/* Begin XCConfigurationList section */
		EDF878881B011CC300FEF049 /* Build configuration list for PBXProject "WordBank" */ = {
			isa = XCConfigurationList;
			buildConfigurations = (
				EDF878AA1B011CC400FEF049 /* Debug */,
				EDF878AB1B011CC400FEF049 /* Release */,
			);
			defaultConfigurationIsVisible = 0;
			defaultConfigurationName = Release;
		};
		EDF878AC1B011CC400FEF049 /* Build configuration list for PBXNativeTarget "WordBank" */ = {
			isa = XCConfigurationList;
			buildConfigurations = (
				EDF878AD1B011CC400FEF049 /* Debug */,
				EDF878AE1B011CC400FEF049 /* Release */,
			);
			defaultConfigurationIsVisible = 0;
		};
		EDF878AF1B011CC400FEF049 /* Build configuration list for PBXNativeTarget "WordBankTests" */ = {
			isa = XCConfigurationList;
			buildConfigurations = (
				EDF878B01B011CC400FEF049 /* Debug */,
				EDF878B11B011CC400FEF049 /* Release */,
			);
			defaultConfigurationIsVisible = 0;
		};
/* End XCConfigurationList section */
	};
	rootObject = EDF878851B011CC300FEF049 /* Project object */;
}
